{
  "version": 4,
  "terraform_version": "1.4.0",
  "serial": 3,
  "lineage": "488612de-1bae-f5c1-584a-45d9cfd1aa63",
  "outputs": {},
  "resources": [
    {
      "mode": "data",
      "type": "digitalocean_ssh_key",
      "name": "aipc",
      "provider": "provider[\"registry.terraform.io/digitalocean/digitalocean\"]",
      "instances": [
        {
          "schema_version": 0,
          "attributes": {
            "fingerprint": "25:c6:7a:c0:23:9f:92:0d:cd:de:63:7e:3e:cd:68:5e",
            "id": 37854025,
            "name": "aipc",
            "public_key": "ssh-rsa AAAAB3NzaC1yc2EAAAADAQABAAABgQCjbC5VUkc+DTQgrotU1OorC2csIn4fnI3N9xzEydi05Mp3AQLynHy555qV4EB5ItfuHJkD67ENZBgAHzfLImEhIZbrcbKHoNk976mEamYVBnP+2qsNSnDR2gefDXKZfTTqaPmDs4+b4APRDI5ZrxiZQTrETM4Z4ToU0NqSnn7DvshvulOyexZypdN4mEf+Wn8CRS83n0ck0fsHfZ63OD5EGX+GaAtBwcBEiVvvQXQgkmK6LocnVNT3kNhgSGhzPqTCe4K/b0qengOJduQfOHcPJqMZuMjmmfqji8no84hEvGgy8BNVGrLJcCKwl7R2oNKak0R48eWvQ2lNfqL2vj+gXyGcYXZo+VHevUjFefya3+Czv5f5V7dTgs3NYtrUSsEYEKpva5MdWaLskIOCOdmrI0WdIcK+5yZbO/8rXTcr1oskpUzFw0aIiaT9nknyzsYUq/VR3eK6VmGQja58tRIWqH2nEDdq73t2zvF1C8k0Bc3ApVclQEekPnS87EK1Lwc= root@ubuntu-s-2vcpu-4gb-amd-sgp1-01"
          },
          "sensitive_attributes": []
        }
      ]
    },
    {
      "mode": "managed",
      "type": "digitalocean_droplet",
      "name": "web1",
      "provider": "provider[\"registry.terraform.io/digitalocean/digitalocean\"]",
      "instances": [
        {
          "schema_version": 1,
          "attributes": {
            "backups": false,
            "created_at": "2023-03-23T05:54:16Z",
            "disk": 60,
            "droplet_agent": null,
            "graceful_shutdown": false,
            "id": "346900082",
            "image": "ubuntu-20-04-x64",
            "ipv4_address": "159.223.34.105",
            "ipv4_address_private": "10.104.0.2",
            "ipv6": false,
            "ipv6_address": "",
            "locked": false,
            "memory": 2048,
            "monitoring": false,
            "name": "web1",
            "price_hourly": 0.02679,
            "price_monthly": 18,
            "private_networking": true,
            "region": "sgp1",
            "resize_disk": true,
            "size": "s-2vcpu-2gb",
            "ssh_keys": [
              "37854025"
            ],
            "status": "active",
            "tags": null,
            "timeouts": null,
            "urn": "do:droplet:346900082",
            "user_data": null,
            "vcpus": 2,
            "volume_ids": [],
            "vpc_uuid": "333cf8f8-7f5c-4a7f-a813-da23cf192093"
          },
          "sensitive_attributes": [],
          "private": "eyJlMmJmYjczMC1lY2FhLTExZTYtOGY4OC0zNDM2M2JjN2M0YzAiOnsiY3JlYXRlIjozNjAwMDAwMDAwMDAwLCJkZWxldGUiOjYwMDAwMDAwMDAwLCJ1cGRhdGUiOjM2MDAwMDAwMDAwMDB9LCJzY2hlbWFfdmVyc2lvbiI6IjEifQ==",
          "dependencies": [
            "data.digitalocean_ssh_key.aipc"
          ]
        }
      ]
    }
  ],
  "check_results": null
}
